
Microsoft Visual Studio Solution File, Format Version 11.00
# Visual Studio 2010
Project("{FAE04EC0-301F-11D3-BF4B-00C04F79EFBC}") = "xnaplatformer", "xnaplatformer\xnaplatformer\xnaplatformer.csproj", "{663FE7C3-E31A-40E1-9A65-F7A346D67DE3}"
EndProject
Project("{96E2B04D-8817-42C6-938A-82C39BA4D311}") = "xnaplatformerContent", "xnaplatformer\xnaplatformerContent\xnaplatformerContent.contentproj", "{B01DAADF-741B-4E1E-B91F-E49D27469EEA}"
EndProject
Global
	GlobalSection(SolutionConfigurationPlatforms) = preSolution
		Debug|x86 = Debug|x86
		Release|x86 = Release|x86
	EndGlobalSection
	GlobalSection(ProjectConfigurationPlatforms) = postSolution
		{663FE7C3-E31A-40E1-9A65-F7A346D67DE3}.Debug|x86.ActiveCfg = Debug|x86
		{663FE7C3-E31A-40E1-9A65-F7A346D67DE3}.Debug|x86.Build.0 = Debug|x86
		{663FE7C3-E31A-40E1-9A65-F7A346D67DE3}.Release|x86.ActiveCfg = Release|x86
		{663FE7C3-E31A-40E1-9A65-F7A346D67DE3}.Release|x86.Build.0 = Release|x86
		{B01DAADF-741B-4E1E-B91F-E49D27469EEA}.Debug|x86.ActiveCfg = Debug|x86
		{B01DAADF-741B-4E1E-B91F-E49D27469EEA}.Release|x86.ActiveCfg = Release|x86
	EndGlobalSection
	GlobalSection(SolutionProperties) = preSolution
		HideSolutionNode = FALSE
	EndGlobalSection
EndGlobal
